// !$*UTF8*$!
{
	archiveVersion = 1;
	classes = {
	};
	objectVersion = 77;
	objects = {

/* Begin PBXContainerItemProxy section */
		6E4D62DE2D40BF35009545FD /* PBXContainerItemProxy */ = {
			isa = PBXContainerItemProxy;
			containerPortal = 6E4D62C32D40BF34009545FD /* Project object */;
			proxyType = 1;
			remoteGlobalIDString = 6E4D62CA2D40BF34009545FD;
			remoteInfo = MoleculeViewer;
		};
		6E4D62E82D40BF35009545FD /* PBXContainerItemProxy */ = {
			isa = PBXContainerItemProxy;
			containerPortal = 6E4D62C32D40BF34009545FD /* Project object */;
			proxyType = 1;
			remoteGlobalIDString = 6E4D62CA2D40BF34009545FD;
			remoteInfo = MoleculeViewer;
		};
/* End PBXContainerItemProxy section */

/* Begin PBXFileReference section */
		6E4D62CB2D40BF34009545FD /* MoleculeViewer.app */ = {isa = PBXFileReference; explicitFileType = wrapper.application; includeInIndex = 0; path = MoleculeViewer.app; sourceTree = BUILT_PRODUCTS_DIR; };
		6E4D62DD2D40BF35009545FD /* MoleculeViewerTests.xctest */ = {isa = PBXFileReference; explicitFileType = wrapper.cfbundle; includeInIndex = 0; path = MoleculeViewerTests.xctest; sourceTree = BUILT_PRODUCTS_DIR; };
		6E4D62E72D40BF35009545FD /* MoleculeViewerUITests.xctest */ = {isa = PBXFileReference; explicitFileType = wrapper.cfbundle; includeInIndex = 0; path = MoleculeViewerUITests.xctest; sourceTree = BUILT_PRODUCTS_DIR; };
/* End PBXFileReference section */

/* Begin PBXFileSystemSynchronizedBuildFileExceptionSet section */
		6EAE1E7C2D461C4C0096861B /* Exceptions for "MoleculeViewer" folder in "MoleculeViewer" target */ = {
			isa = PBXFileSystemSynchronizedBuildFileExceptionSet;
			membershipExceptions = (
				"Molecule Files/Caffeine CID 2519.sdf",
				"Molecule Files/Hydrochloric Acid CID 313.sdf",
				"Molecule Files/Methane.mol",
				"Molecule Files/Water.mol",
			);
			target = 6E4D62CA2D40BF34009545FD /* MoleculeViewer */;
		};
		6EAE1E7D2D461C4C0096861B /* Exceptions for "MoleculeViewer" folder in "MoleculeViewerUITests" target */ = {
			isa = PBXFileSystemSynchronizedBuildFileExceptionSet;
			membershipExceptions = (
				"Molecule Files/Caffeine CID 2519.sdf",
				"Molecule Files/Hydrochloric Acid CID 313.sdf",
				"Molecule Files/Methane.mol",
				"Molecule Files/Water.mol",
			);
			target = 6E4D62E62D40BF35009545FD /* MoleculeViewerUITests */;
		};
/* End PBXFileSystemSynchronizedBuildFileExceptionSet section */

/* Begin PBXFileSystemSynchronizedRootGroup section */
		6E4D62CD2D40BF34009545FD /* MoleculeViewer */ = {
			isa = PBXFileSystemSynchronizedRootGroup;
			exceptions = (
				6EAE1E7C2D461C4C0096861B /* Exceptions for "MoleculeViewer" folder in "MoleculeViewer" target */,
				6EAE1E7D2D461C4C0096861B /* Exceptions for "MoleculeViewer" folder in "MoleculeViewerUITests" target */,
			);
			path = MoleculeViewer;
			sourceTree = "<group>";
		};
		6E4D62E02D40BF35009545FD /* MoleculeViewerTests */ = {
			isa = PBXFileSystemSynchronizedRootGroup;
			path = MoleculeViewerTests;
			sourceTree = "<group>";
		};
		6E4D62EA2D40BF35009545FD /* MoleculeViewerUITests */ = {
			isa = PBXFileSystemSynchronizedRootGroup;
			path = MoleculeViewerUITests;
			sourceTree = "<group>";
		};
/* End PBXFileSystemSynchronizedRootGroup section */

/* Begin PBXFrameworksBuildPhase section */
		6E4D62C82D40BF34009545FD /* Frameworks */ = {
			isa = PBXFrameworksBuildPhase;
			buildActionMask = 2147483647;
			files = (
			);
			runOnlyForDeploymentPostprocessing = 0;
		};
		6E4D62DA2D40BF35009545FD /* Frameworks */ = {
			isa = PBXFrameworksBuildPhase;
			buildActionMask = 2147483647;
			files = (
			);
			runOnlyForDeploymentPostprocessing = 0;
		};
		6E4D62E42D40BF35009545FD /* Frameworks */ = {
			isa = PBXFrameworksBuildPhase;
			buildActionMask = 2147483647;
			files = (
			);
			runOnlyForDeploymentPostprocessing = 0;
		};
/* End PBXFrameworksBuildPhase section */

/* Begin PBXGroup section */
		6E4D62C22D40BF34009545FD = {
			isa = PBXGroup;
			children = (
				6E4D62CD2D40BF34009545FD /* MoleculeViewer */,
				6E4D62E02D40BF35009545FD /* MoleculeViewerTests */,
				6E4D62EA2D40BF35009545FD /* MoleculeViewerUITests */,
				6E4D62CC2D40BF34009545FD /* Products */,
			);
			sourceTree = "<group>";
		};
		6E4D62CC2D40BF34009545FD /* Products */ = {
			isa = PBXGroup;
			children = (
				6E4D62CB2D40BF34009545FD /* MoleculeViewer.app */,
				6E4D62DD2D40BF35009545FD /* MoleculeViewerTests.xctest */,
				6E4D62E72D40BF35009545FD /* MoleculeViewerUITests.xctest */,
			);
			name = Products;
			sourceTree = "<group>";
		};
/* End PBXGroup section */

/* Begin PBXNativeTarget section */
		6E4D62CA2D40BF34009545FD /* MoleculeViewer */ = {
			isa = PBXNativeTarget;
			buildConfigurationList = 6E4D62F12D40BF35009545FD /* Build configuration list for PBXNativeTarget "MoleculeViewer" */;
			buildPhases = (
				6E4D62C72D40BF34009545FD /* Sources */,
				6E4D62C82D40BF34009545FD /* Frameworks */,
				6E4D62C92D40BF34009545FD /* Resources */,
			);
			buildRules = (
			);
			dependencies = (
			);
			fileSystemSynchronizedGroups = (
				6E4D62CD2D40BF34009545FD /* MoleculeViewer */,
			);
			name = MoleculeViewer;
			packageProductDependencies = (
			);
			productName = MoleculeViewer;
			productReference = 6E4D62CB2D40BF34009545FD /* MoleculeViewer.app */;
			productType = "com.apple.product-type.application";
		};
		6E4D62DC2D40BF35009545FD /* MoleculeViewerTests */ = {
			isa = PBXNativeTarget;
			buildConfigurationList = 6E4D62F42D40BF35009545FD /* Build configuration list for PBXNativeTarget "MoleculeViewerTests" */;
			buildPhases = (
				6E4D62D92D40BF35009545FD /* Sources */,
				6E4D62DA2D40BF35009545FD /* Frameworks */,
				6E4D62DB2D40BF35009545FD /* Resources */,
			);
			buildRules = (
			);
			dependencies = (
				6E4D62DF2D40BF35009545FD /* PBXTargetDependency */,
			);
			fileSystemSynchronizedGroups = (
				6E4D62E02D40BF35009545FD /* MoleculeViewerTests */,
			);
			name = MoleculeViewerTests;
			packageProductDependencies = (
			);
			productName = MoleculeViewerTests;
			productReference = 6E4D62DD2D40BF35009545FD /* MoleculeViewerTests.xctest */;
			productType = "com.apple.product-type.bundle.unit-test";
		};
		6E4D62E62D40BF35009545FD /* MoleculeViewerUITests */ = {
			isa = PBXNativeTarget;
			buildConfigurationList = 6E4D62F72D40BF35009545FD /* Build configuration list for PBXNativeTarget "MoleculeViewerUITests" */;
			buildPhases = (
				6E4D62E32D40BF35009545FD /* Sources */,
				6E4D62E42D40BF35009545FD /* Frameworks */,
				6E4D62E52D40BF35009545FD /* Resources */,
			);
			buildRules = (
			);
			dependencies = (
				6E4D62E92D40BF35009545FD /* PBXTargetDependency */,
			);
			fileSystemSynchronizedGroups = (
				6E4D62EA2D40BF35009545FD /* MoleculeViewerUITests */,
			);
			name = MoleculeViewerUITests;
			packageProductDependencies = (
			);
			productName = MoleculeViewerUITests;
			productReference = 6E4D62E72D40BF35009545FD /* MoleculeViewerUITests.xctest */;
			productType = "com.apple.product-type.bundle.ui-testing";
		};
/* End PBXNativeTarget section */

/* Begin PBXProject section */
		6E4D62C32D40BF34009545FD /* Project object */ = {
			isa = PBXProject;
			attributes = {
				BuildIndependentTargetsInParallel = 1;
				LastSwiftUpdateCheck = 1620;
				LastUpgradeCheck = 1620;
				TargetAttributes = {
					6E4D62CA2D40BF34009545FD = {
						CreatedOnToolsVersion = 16.2;
					};
					6E4D62DC2D40BF35009545FD = {
						CreatedOnToolsVersion = 16.2;
						TestTargetID = 6E4D62CA2D40BF34009545FD;
					};
					6E4D62E62D40BF35009545FD = {
						CreatedOnToolsVersion = 16.2;
						TestTargetID = 6E4D62CA2D40BF34009545FD;
					};
				};
			};
			buildConfigurationList = 6E4D62C62D40BF34009545FD /* Build configuration list for PBXProject "MoleculeViewer" */;
			developmentRegion = en;
			hasScannedForEncodings = 0;
			knownRegions = (
				en,
				Base,
			);
			mainGroup = 6E4D62C22D40BF34009545FD;
			minimizedProjectReferenceProxies = 1;
			preferredProjectObjectVersion = 77;
			productRefGroup = 6E4D62CC2D40BF34009545FD /* Products */;
			projectDirPath = "";
			projectRoot = "";
			targets = (
				6E4D62CA2D40BF34009545FD /* MoleculeViewer */,
				6E4D62DC2D40BF35009545FD /* MoleculeViewerTests */,
				6E4D62E62D40BF35009545FD /* MoleculeViewerUITests */,
			);
		};
/* End PBXProject section */

/* Begin PBXResourcesBuildPhase section */
		6E4D62C92D40BF34009545FD /* Resources */ = {
			isa = PBXResourcesBuildPhase;
			buildActionMask = 2147483647;
			files = (
			);
			runOnlyForDeploymentPostprocessing = 0;
		};
		6E4D62DB2D40BF35009545FD /* Resources */ = {
			isa = PBXResourcesBuildPhase;
			buildActionMask = 2147483647;
			files = (
			);
			runOnlyForDeploymentPostprocessing = 0;
		};
		6E4D62E52D40BF35009545FD /* Resources */ = {
			isa = PBXResourcesBuildPhase;
			buildActionMask = 2147483647;
			files = (
			);
			runOnlyForDeploymentPostprocessing = 0;
		};
/* End PBXResourcesBuildPhase section */

/* Begin PBXSourcesBuildPhase section */
		6E4D62C72D40BF34009545FD /* Sources */ = {
			isa = PBXSourcesBuildPhase;
			buildActionMask = 2147483647;
			files = (
			);
			runOnlyForDeploymentPostprocessing = 0;
		};
		6E4D62D92D40BF35009545FD /* Sources */ = {
			isa = PBXSourcesBuildPhase;
			buildActionMask = 2147483647;
			files = (
			);
			runOnlyForDeploymentPostprocessing = 0;
		};
		6E4D62E32D40BF35009545FD /* Sources */ = {
			isa = PBXSourcesBuildPhase;
			buildActionMask = 2147483647;
			files = (
			);
			runOnlyForDeploymentPostprocessing = 0;
		};
/* End PBXSourcesBuildPhase section */

/* Begin PBXTargetDependency section */
		6E4D62DF2D40BF35009545FD /* PBXTargetDependency */ = {
			isa = PBXTargetDependency;
			target = 6E4D62CA2D40BF34009545FD /* MoleculeViewer */;
			targetProxy = 6E4D62DE2D40BF35009545FD /* PBXContainerItemProxy */;
		};
		6E4D62E92D40BF35009545FD /* PBXTargetDependency */ = {
			isa = PBXTargetDependency;
			target = 6E4D62CA2D40BF34009545FD /* MoleculeViewer */;
			targetProxy = 6E4D62E82D40BF35009545FD /* PBXContainerItemProxy */;
		};
/* End PBXTargetDependency section */

/* Begin XCBuildConfiguration section */
		6E4D62EF2D40BF35009545FD /* Debug */ = {
			isa = XCBuildConfiguration;
			buildSettings = {
				ALWAYS_SEARCH_USER_PATHS = NO;
				ASSETCATALOG_COMPILER_GENERATE_SWIFT_ASSET_SYMBOL_EXTENSIONS = YES;
				CLANG_ANALYZER_NONNULL = YES;
				CLANG_ANALYZER_NUMBER_OBJECT_CONVERSION = YES_AGGRESSIVE;
				CLANG_CXX_LANGUAGE_STANDARD = "gnu++20";
				CLANG_ENABLE_MODULES = YES;
				CLANG_ENABLE_OBJC_ARC = YES;
				CLANG_ENABLE_OBJC_WEAK = YES;
				CLANG_WARN_BLOCK_CAPTURE_AUTORELEASING = YES;
				CLANG_WARN_BOOL_CONVERSION = YES;
				CLANG_WARN_COMMA = YES;
				CLANG_WARN_CONSTANT_CONVERSION = YES;
				CLANG_WARN_DEPRECATED_OBJC_IMPLEMENTATIONS = YES;
				CLANG_WARN_DIRECT_OBJC_ISA_USAGE = YES_ERROR;
				CLANG_WARN_DOCUMENTATION_COMMENTS = YES;
				CLANG_WARN_EMPTY_BODY = YES;
				CLANG_WARN_ENUM_CONVERSION = YES;
				CLANG_WARN_INFINITE_RECURSION = YES;
				CLANG_WARN_INT_CONVERSION = YES;
				CLANG_WARN_NON_LITERAL_NULL_CONVERSION = YES;
				CLANG_WARN_OBJC_IMPLICIT_RETAIN_SELF = YES;
				CLANG_WARN_OBJC_LITERAL_CONVERSION = YES;
				CLANG_WARN_OBJC_ROOT_CLASS = YES_ERROR;
				CLANG_WARN_QUOTED_INCLUDE_IN_FRAMEWORK_HEADER = YES;
				CLANG_WARN_RANGE_LOOP_ANALYSIS = YES;
				CLANG_WARN_STRICT_PROTOTYPES = YES;
				CLANG_WARN_SUSPICIOUS_MOVE = YES;
				CLANG_WARN_UNGUARDED_AVAILABILITY = YES_AGGRESSIVE;
				CLANG_WARN_UNREACHABLE_CODE = YES;
				CLANG_WARN__DUPLICATE_METHOD_MATCH = YES;
				COPY_PHASE_STRIP = NO;
				DEBUG_INFORMATION_FORMAT = dwarf;
				ENABLE_STRICT_OBJC_MSGSEND = YES;
				ENABLE_TESTABILITY = YES;
				ENABLE_USER_SCRIPT_SANDBOXING = YES;
				GCC_C_LANGUAGE_STANDARD = gnu17;
				GCC_DYNAMIC_NO_PIC = NO;
				GCC_NO_COMMON_BLOCKS = YES;
				GCC_OPTIMIZATION_LEVEL = 0;
				GCC_PREPROCESSOR_DEFINITIONS = (
					"DEBUG=1",
					"$(inherited)",
				);
				GCC_WARN_64_TO_32_BIT_CONVERSION = YES;
				GCC_WARN_ABOUT_RETURN_TYPE = YES_ERROR;
				GCC_WARN_UNDECLARED_SELECTOR = YES;
				GCC_WARN_UNINITIALIZED_AUTOS = YES_AGGRESSIVE;
				GCC_WARN_UNUSED_FUNCTION = YES;
				GCC_WARN_UNUSED_VARIABLE = YES;
				IPHONEOS_DEPLOYMENT_TARGET = 18.2;
				LOCALIZATION_PREFERS_STRING_CATALOGS = YES;
				MTL_ENABLE_DEBUG_INFO = INCLUDE_SOURCE;
				MTL_FAST_MATH = YES;
				ONLY_ACTIVE_ARCH = YES;
				SDKROOT = iphoneos;
				SWIFT_ACTIVE_COMPILATION_CONDITIONS = "DEBUG $(inherited)";
				SWIFT_OPTIMIZATION_LEVEL = "-Onone";
			};
			name = Debug;
		};
		6E4D62F02D40BF35009545FD /* Release */ = {
			isa = XCBuildConfiguration;
			buildSettings = {
				ALWAYS_SEARCH_USER_PATHS = NO;
				ASSETCATALOG_COMPILER_GENERATE_SWIFT_ASSET_SYMBOL_EXTENSIONS = YES;
				CLANG_ANALYZER_NONNULL = YES;
				CLANG_ANALYZER_NUMBER_OBJECT_CONVERSION = YES_AGGRESSIVE;
				CLANG_CXX_LANGUAGE_STANDARD = "gnu++20";
				CLANG_ENABLE_MODULES = YES;
				CLANG_ENABLE_OBJC_ARC = YES;
				CLANG_ENABLE_OBJC_WEAK = YES;
				CLANG_WARN_BLOCK_CAPTURE_AUTORELEASING = YES;
				CLANG_WARN_BOOL_CONVERSION = YES;
				CLANG_WARN_COMMA = YES;
				CLANG_WARN_CONSTANT_CONVERSION = YES;
				CLANG_WARN_DEPRECATED_OBJC_IMPLEMENTATIONS = YES;
				CLANG_WARN_DIRECT_OBJC_ISA_USAGE = YES_ERROR;
				CLANG_WARN_DOCUMENTATION_COMMENTS = YES;
				CLANG_WARN_EMPTY_BODY = YES;
				CLANG_WARN_ENUM_CONVERSION = YES;
				CLANG_WARN_INFINITE_RECURSION = YES;
				CLANG_WARN_INT_CONVERSION = YES;
				CLANG_WARN_NON_LITERAL_NULL_CONVERSION = YES;
				CLANG_WARN_OBJC_IMPLICIT_RETAIN_SELF = YES;
				CLANG_WARN_OBJC_LITERAL_CONVERSION = YES;
				CLANG_WARN_OBJC_ROOT_CLASS = YES_ERROR;
				CLANG_WARN_QUOTED_INCLUDE_IN_FRAMEWORK_HEADER = YES;
				CLANG_WARN_RANGE_LOOP_ANALYSIS = YES;
				CLANG_WARN_STRICT_PROTOTYPES = YES;
				CLANG_WARN_SUSPICIOUS_MOVE = YES;
				CLANG_WARN_UNGUARDED_AVAILABILITY = YES_AGGRESSIVE;
				CLANG_WARN_UNREACHABLE_CODE = YES;
				CLANG_WARN__DUPLICATE_METHOD_MATCH = YES;
				COPY_PHASE_STRIP = NO;
				DEBUG_INFORMATION_FORMAT = "dwarf-with-dsym";
				ENABLE_NS_ASSERTIONS = NO;
				ENABLE_STRICT_OBJC_MSGSEND = YES;
				ENABLE_USER_SCRIPT_SANDBOXING = YES;
				GCC_C_LANGUAGE_STANDARD = gnu17;
				GCC_NO_COMMON_BLOCKS = YES;
				GCC_WARN_64_TO_32_BIT_CONVERSION = YES;
				GCC_WARN_ABOUT_RETURN_TYPE = YES_ERROR;
				GCC_WARN_UNDECLARED_SELECTOR = YES;
				GCC_WARN_UNINITIALIZED_AUTOS = YES_AGGRESSIVE;
				GCC_WARN_UNUSED_FUNCTION = YES;
				GCC_WARN_UNUSED_VARIABLE = YES;
				IPHONEOS_DEPLOYMENT_TARGET = 18.2;
				LOCALIZATION_PREFERS_STRING_CATALOGS = YES;
				MTL_ENABLE_DEBUG_INFO = NO;
				MTL_FAST_MATH = YES;
				SDKROOT = iphoneos;
				SWIFT_COMPILATION_MODE = wholemodule;
				VALIDATE_PRODUCT = YES;
			};
			name = Release;
		};
		6E4D62F22D40BF35009545FD /* Debug */ = {
			isa = XCBuildConfiguration;
			buildSettings = {
				ASSETCATALOG_COMPILER_APPICON_NAME = AppIcon;
				ASSETCATALOG_COMPILER_GLOBAL_ACCENT_COLOR_NAME = AccentColor;
				CODE_SIGN_STYLE = Automatic;
				CURRENT_PROJECT_VERSION = 1;
				DEVELOPMENT_ASSET_PATHS = "\"MoleculeViewer/Preview Content\"";
				DEVELOPMENT_TEAM = 7WCH78FX92;
				ENABLE_PREVIEWS = YES;
				GENERATE_INFOPLIST_FILE = YES;
				INFOPLIST_KEY_UIApplicationSceneManifest_Generation = YES;
				INFOPLIST_KEY_UIApplicationSupportsIndirectInputEvents = YES;
				INFOPLIST_KEY_UILaunchScreen_Generation = YES;
				INFOPLIST_KEY_UISupportedInterfaceOrientations_iPad = "UIInterfaceOrientationPortrait UIInterfaceOrientationPortraitUpsideDown UIInterfaceOrientationLandscapeLeft UIInterfaceOrientationLandscapeRight";
				INFOPLIST_KEY_UISupportedInterfaceOrientations_iPhone = "UIInterfaceOrientationPortrait UIInterfaceOrientationLandscapeLeft UIInterfaceOrientationLandscapeRight";
				LD_RUNPATH_SEARCH_PATHS = (
					"$(inherited)",
					"@executable_path/Frameworks",
				);
				MARKETING_VERSION = 1.0;
				PRODUCT_BUNDLE_IDENTIFIER = dev.PierceOxley.MoleculeViewer;
				PRODUCT_NAME = "$(TARGET_NAME)";
				SWIFT_EMIT_LOC_STRINGS = YES;
				SWIFT_VERSION = 5.0;
				TARGETED_DEVICE_FAMILY = "1,2";
			};
			name = Debug;
		};
		6E4D62F32D40BF35009545FD /* Release */ = {
			isa = XCBuildConfiguration;
			buildSettings = {
				ASSETCATALOG_COMPILER_APPICON_NAME = AppIcon;
				ASSETCATALOG_COMPILER_GLOBAL_ACCENT_COLOR_NAME = AccentColor;
				CODE_SIGN_STYLE = Automatic;
				CURRENT_PROJECT_VERSION = 1;
				DEVELOPMENT_ASSET_PATHS = "\"MoleculeViewer/Preview Content\"";
				DEVELOPMENT_TEAM = 7WCH78FX92;
				ENABLE_PREVIEWS = YES;
				GENERATE_INFOPLIST_FILE = YES;
				INFOPLIST_KEY_UIApplicationSceneManifest_Generation = YES;
				INFOPLIST_KEY_UIApplicationSupportsIndirectInputEvents = YES;
				INFOPLIST_KEY_UILaunchScreen_Generation = YES;
				INFOPLIST_KEY_UISupportedInterfaceOrientations_iPad = "UIInterfaceOrientationPortrait UIInterfaceOrientationPortraitUpsideDown UIInterfaceOrientationLandscapeLeft UIInterfaceOrientationLandscapeRight";
				INFOPLIST_KEY_UISupportedInterfaceOrientations_iPhone = "UIInterfaceOrientationPortrait UIInterfaceOrientationLandscapeLeft UIInterfaceOrientationLandscapeRight";
				LD_RUNPATH_SEARCH_PATHS = (
					"$(inherited)",
					"@executable_path/Frameworks",
				);
				MARKETING_VERSION = 1.0;
				PRODUCT_BUNDLE_IDENTIFIER = dev.PierceOxley.MoleculeViewer;
				PRODUCT_NAME = "$(TARGET_NAME)";
				SWIFT_EMIT_LOC_STRINGS = YES;
				SWIFT_VERSION = 5.0;
				TARGETED_DEVICE_FAMILY = "1,2";
			};
			name = Release;
		};
		6E4D62F52D40BF35009545FD /* Debug */ = {
			isa = XCBuildConfiguration;
			buildSettings = {
				BUNDLE_LOADER = "$(TEST_HOST)";
				CODE_SIGN_STYLE = Automatic;
				CURRENT_PROJECT_VERSION = 1;
				DEVELOPMENT_TEAM = 7WCH78FX92;
				GENERATE_INFOPLIST_FILE = YES;
				IPHONEOS_DEPLOYMENT_TARGET = 18.2;
				MARKETING_VERSION = 1.0;
				PRODUCT_BUNDLE_IDENTIFIER = dev.PierceOxley.MoleculeViewerTests;
				PRODUCT_NAME = "$(TARGET_NAME)";
				SWIFT_EMIT_LOC_STRINGS = NO;
				SWIFT_VERSION = 5.0;
				TARGETED_DEVICE_FAMILY = "1,2";
				TEST_HOST = "$(BUILT_PRODUCTS_DIR)/MoleculeViewer.app/$(BUNDLE_EXECUTABLE_FOLDER_PATH)/MoleculeViewer";
			};
			name = Debug;
		};
		6E4D62F62D40BF35009545FD /* Release */ = {
			isa = XCBuildConfiguration;
			buildSettings = {
				BUNDLE_LOADER = "$(TEST_HOST)";
				CODE_SIGN_STYLE = Automatic;
				CURRENT_PROJECT_VERSION = 1;
				DEVELOPMENT_TEAM = 7WCH78FX92;
				GENERATE_INFOPLIST_FILE = YES;
				IPHONEOS_DEPLOYMENT_TARGET = 18.2;
				MARKETING_VERSION = 1.0;
				PRODUCT_BUNDLE_IDENTIFIER = dev.PierceOxley.MoleculeViewerTests;
				PRODUCT_NAME = "$(TARGET_NAME)";
				SWIFT_EMIT_LOC_STRINGS = NO;
				SWIFT_VERSION = 5.0;
				TARGETED_DEVICE_FAMILY = "1,2";
				TEST_HOST = "$(BUILT_PRODUCTS_DIR)/MoleculeViewer.app/$(BUNDLE_EXECUTABLE_FOLDER_PATH)/MoleculeViewer";
			};
			name = Release;
		};
		6E4D62F82D40BF35009545FD /* Debug */ = {
			isa = XCBuildConfiguration;
			buildSettings = {
				CODE_SIGN_STYLE = Automatic;
				CURRENT_PROJECT_VERSION = 1;
				DEVELOPMENT_TEAM = 7WCH78FX92;
				GENERATE_INFOPLIST_FILE = YES;
				MARKETING_VERSION = 1.0;
				PRODUCT_BUNDLE_IDENTIFIER = dev.PierceOxley.MoleculeViewerUITests;
				PRODUCT_NAME = "$(TARGET_NAME)";
				SWIFT_EMIT_LOC_STRINGS = NO;
				SWIFT_VERSION = 5.0;
				TARGETED_DEVICE_FAMILY = "1,2";
				TEST_TARGET_NAME = MoleculeViewer;
			};
			name = Debug;
		};
		6E4D62F92D40BF35009545FD /* Release */ = {
			isa = XCBuildConfiguration;
			buildSettings = {
				CODE_SIGN_STYLE = Automatic;
				CURRENT_PROJECT_VERSION = 1;
				DEVELOPMENT_TEAM = 7WCH78FX92;
				GENERATE_INFOPLIST_FILE = YES;
				MARKETING_VERSION = 1.0;
				PRODUCT_BUNDLE_IDENTIFIER = dev.PierceOxley.MoleculeViewerUITests;
				PRODUCT_NAME = "$(TARGET_NAME)";
				SWIFT_EMIT_LOC_STRINGS = NO;
				SWIFT_VERSION = 5.0;
				TARGETED_DEVICE_FAMILY = "1,2";
				TEST_TARGET_NAME = MoleculeViewer;
			};
			name = Release;
		};
/* End XCBuildConfiguration section */

/* Begin XCConfigurationList section */
		6E4D62C62D40BF34009545FD /* Build configuration list for PBXProject "MoleculeViewer" */ = {
			isa = XCConfigurationList;
			buildConfigurations = (
				6E4D62EF2D40BF35009545FD /* Debug */,
				6E4D62F02D40BF35009545FD /* Release */,
			);
			defaultConfigurationIsVisible = 0;
			defaultConfigurationName = Release;
		};
		6E4D62F12D40BF35009545FD /* Build configuration list for PBXNativeTarget "MoleculeViewer" */ = {
			isa = XCConfigurationList;
			buildConfigurations = (
				6E4D62F22D40BF35009545FD /* Debug */,
				6E4D62F32D40BF35009545FD /* Release */,
			);
			defaultConfigurationIsVisible = 0;
			defaultConfigurationName = Release;
		};
		6E4D62F42D40BF35009545FD /* Build configuration list for PBXNativeTarget "MoleculeViewerTests" */ = {
			isa = XCConfigurationList;
			buildConfigurations = (
				6E4D62F52D40BF35009545FD /* Debug */,
				6E4D62F62D40BF35009545FD /* Release */,
			);
			defaultConfigurationIsVisible = 0;
			defaultConfigurationName = Release;
		};
		6E4D62F72D40BF35009545FD /* Build configuration list for PBXNativeTarget "MoleculeViewerUITests" */ = {
			isa = XCConfigurationList;
			buildConfigurations = (
				6E4D62F82D40BF35009545FD /* Debug */,
				6E4D62F92D40BF35009545FD /* Release */,
			);
			defaultConfigurationIsVisible = 0;
			defaultConfigurationName = Release;
		};
/* End XCConfigurationList section */
	};
	rootObject = 6E4D62C32D40BF34009545FD /* Project object */;
}
